
Microsoft Visual Studio Solution File, Format Version 12.00
# Visual Studio Version 17
VisualStudioVersion = 17.4.33205.214
MinimumVisualStudioVersion = 10.0.40219.1
Project("{FAE04EC0-301F-11D3-BF4B-00C04F79EFBC}") = "LinqSnippets", "LinqSnippets\LinqSnippets.csproj", "{04F1A33F-77B2-44FA-BD37-E1CCAC04D28C}"
EndProject
Global
	GlobalSection(SolutionConfigurationPlatforms) = preSolution
		Debug|Any CPU = Debug|Any CPU
		Release|Any CPU = Release|Any CPU
	EndGlobalSection
	GlobalSection(ProjectConfigurationPlatforms) = postSolution
		{04F1A33F-77B2-44FA-BD37-E1CCAC04D28C}.Debug|Any CPU.ActiveCfg = Debug|Any CPU
		{04F1A33F-77B2-44FA-BD37-E1CCAC04D28C}.Debug|Any CPU.Build.0 = Debug|Any CPU
		{04F1A33F-77B2-44FA-BD37-E1CCAC04D28C}.Release|Any CPU.ActiveCfg = Release|Any CPU
		{04F1A33F-77B2-44FA-BD37-E1CCAC04D28C}.Release|Any CPU.Build.0 = Release|Any CPU
	EndGlobalSection
	GlobalSection(SolutionProperties) = preSolution
		HideSolutionNode = FALSE
	EndGlobalSection
	GlobalSection(ExtensibilityGlobals) = postSolution
		SolutionGuid = {4A1779BA-6E42-4D34-AD60-E36882C3A3E6}
	EndGlobalSection
EndGlobal
